// !$*UTF8*$!
{
	archiveVersion = 1;
	classes = {
	};
	objectVersion = 56;
	objects = {

/* Begin PBXBuildFile section */
		CA888C5D2BC7D48B004BC0A0 /* HotProspectApp.swift in Sources */ = {isa = PBXBuildFile; fileRef = CA888C5C2BC7D48B004BC0A0 /* HotProspectApp.swift */; };
		CA888C5F2BC7D48B004BC0A0 /* ContentView.swift in Sources */ = {isa = PBXBuildFile; fileRef = CA888C5E2BC7D48B004BC0A0 /* ContentView.swift */; };
		CA888C612BC7D48D004BC0A0 /* Assets.xcassets in Resources */ = {isa = PBXBuildFile; fileRef = CA888C602BC7D48D004BC0A0 /* Assets.xcassets */; };
		CA888C642BC7D48D004BC0A0 /* Preview Assets.xcassets in Resources */ = {isa = PBXBuildFile; fileRef = CA888C632BC7D48D004BC0A0 /* Preview Assets.xcassets */; };
		CA888C6B2BC7D903004BC0A0 /* CreatingTabsWIthTabViewAndTabItem.swift in Sources */ = {isa = PBXBuildFile; fileRef = CA888C6A2BC7D903004BC0A0 /* CreatingTabsWIthTabViewAndTabItem.swift */; };
		CA888C6E2BC7DF66004BC0A0 /* UnderstandingSwiftResultType.swift in Sources */ = {isa = PBXBuildFile; fileRef = CA888C6D2BC7DF66004BC0A0 /* UnderstandingSwiftResultType.swift */; };
		CA888C702BC7E4FB004BC0A0 /* ControllingImageInterpolationInSwiftUI.swift in Sources */ = {isa = PBXBuildFile; fileRef = CA888C6F2BC7E4FB004BC0A0 /* ControllingImageInterpolationInSwiftUI.swift */; };
		CA888C722BC7E68C004BC0A0 /* CreatingContextMenus.swift in Sources */ = {isa = PBXBuildFile; fileRef = CA888C712BC7E68C004BC0A0 /* CreatingContextMenus.swift */; };
		CA888C742BC869D0004BC0A0 /* AddingCustomRowSwipeActionsList.swift in Sources */ = {isa = PBXBuildFile; fileRef = CA888C732BC869D0004BC0A0 /* AddingCustomRowSwipeActionsList.swift */; };
		CA888C762BC86B6E004BC0A0 /* SchedulingLocalNotifications.swift in Sources */ = {isa = PBXBuildFile; fileRef = CA888C752BC86B6E004BC0A0 /* SchedulingLocalNotifications.swift */; };
		CA888C782BC87034004BC0A0 /* AddingSwiftPackageDependenciesXcode.swift in Sources */ = {isa = PBXBuildFile; fileRef = CA888C772BC87034004BC0A0 /* AddingSwiftPackageDependenciesXcode.swift */; };
		CAF7DBCE2BCB0DF500BCE0DF /* SamplePackage in Frameworks */ = {isa = PBXBuildFile; productRef = CAF7DBCD2BCB0DF500BCE0DF /* SamplePackage */; };
		CAF7DBD02BCB108000BCE0DF /* BuildingOurTabBar.swift in Sources */ = {isa = PBXBuildFile; fileRef = CAF7DBCF2BCB108000BCE0DF /* BuildingOurTabBar.swift */; };
		CAF7DBD32BCB112F00BCE0DF /* ProspectsView.swift in Sources */ = {isa = PBXBuildFile; fileRef = CAF7DBD22BCB112F00BCE0DF /* ProspectsView.swift */; };
		CAF7DBD52BCB114000BCE0DF /* MeVie.swift in Sources */ = {isa = PBXBuildFile; fileRef = CAF7DBD42BCB114000BCE0DF /* MeVie.swift */; };
		CAF7DBD72BCB26ED00BCE0DF /* Prospect.swift in Sources */ = {isa = PBXBuildFile; fileRef = CAF7DBD62BCB26ED00BCE0DF /* Prospect.swift */; };
		CAF7DBD92BCB2A6F00BCE0DF /* DynamicallyFilteringOurSDQuery.swift in Sources */ = {isa = PBXBuildFile; fileRef = CAF7DBD82BCB2A6F00BCE0DF /* DynamicallyFilteringOurSDQuery.swift */; };
		CAF7DBDC2BCB328C00BCE0DF /* CodeScanner in Frameworks */ = {isa = PBXBuildFile; productRef = CAF7DBDB2BCB328C00BCE0DF /* CodeScanner */; };
/* End PBXBuildFile section */

/* Begin PBXFileReference section */
		CA888C592BC7D48B004BC0A0 /* HotProspect.app */ = {isa = PBXFileReference; explicitFileType = wrapper.application; includeInIndex = 0; path = HotProspect.app; sourceTree = BUILT_PRODUCTS_DIR; };
		CA888C5C2BC7D48B004BC0A0 /* HotProspectApp.swift */ = {isa = PBXFileReference; lastKnownFileType = sourcecode.swift; path = HotProspectApp.swift; sourceTree = "<group>"; };
		CA888C5E2BC7D48B004BC0A0 /* ContentView.swift */ = {isa = PBXFileReference; lastKnownFileType = sourcecode.swift; path = ContentView.swift; sourceTree = "<group>"; };
		CA888C602BC7D48D004BC0A0 /* Assets.xcassets */ = {isa = PBXFileReference; lastKnownFileType = folder.assetcatalog; path = Assets.xcassets; sourceTree = "<group>"; };
		CA888C632BC7D48D004BC0A0 /* Preview Assets.xcassets */ = {isa = PBXFileReference; lastKnownFileType = folder.assetcatalog; path = "Preview Assets.xcassets"; sourceTree = "<group>"; };
		CA888C6A2BC7D903004BC0A0 /* CreatingTabsWIthTabViewAndTabItem.swift */ = {isa = PBXFileReference; lastKnownFileType = sourcecode.swift; path = CreatingTabsWIthTabViewAndTabItem.swift; sourceTree = "<group>"; };
		CA888C6D2BC7DF66004BC0A0 /* UnderstandingSwiftResultType.swift */ = {isa = PBXFileReference; lastKnownFileType = sourcecode.swift; path = UnderstandingSwiftResultType.swift; sourceTree = "<group>"; };
		CA888C6F2BC7E4FB004BC0A0 /* ControllingImageInterpolationInSwiftUI.swift */ = {isa = PBXFileReference; lastKnownFileType = sourcecode.swift; path = ControllingImageInterpolationInSwiftUI.swift; sourceTree = "<group>"; };
		CA888C712BC7E68C004BC0A0 /* CreatingContextMenus.swift */ = {isa = PBXFileReference; lastKnownFileType = sourcecode.swift; path = CreatingContextMenus.swift; sourceTree = "<group>"; };
		CA888C732BC869D0004BC0A0 /* AddingCustomRowSwipeActionsList.swift */ = {isa = PBXFileReference; lastKnownFileType = sourcecode.swift; path = AddingCustomRowSwipeActionsList.swift; sourceTree = "<group>"; };
		CA888C752BC86B6E004BC0A0 /* SchedulingLocalNotifications.swift */ = {isa = PBXFileReference; lastKnownFileType = sourcecode.swift; path = SchedulingLocalNotifications.swift; sourceTree = "<group>"; };
		CA888C772BC87034004BC0A0 /* AddingSwiftPackageDependenciesXcode.swift */ = {isa = PBXFileReference; lastKnownFileType = sourcecode.swift; path = AddingSwiftPackageDependenciesXcode.swift; sourceTree = "<group>"; };
		CAF7DBCF2BCB108000BCE0DF /* BuildingOurTabBar.swift */ = {isa = PBXFileReference; lastKnownFileType = sourcecode.swift; path = BuildingOurTabBar.swift; sourceTree = "<group>"; };
		CAF7DBD22BCB112F00BCE0DF /* ProspectsView.swift */ = {isa = PBXFileReference; lastKnownFileType = sourcecode.swift; path = ProspectsView.swift; sourceTree = "<group>"; };
		CAF7DBD42BCB114000BCE0DF /* MeVie.swift */ = {isa = PBXFileReference; lastKnownFileType = sourcecode.swift; path = MeVie.swift; sourceTree = "<group>"; };
		CAF7DBD62BCB26ED00BCE0DF /* Prospect.swift */ = {isa = PBXFileReference; lastKnownFileType = sourcecode.swift; path = Prospect.swift; sourceTree = "<group>"; };
		CAF7DBD82BCB2A6F00BCE0DF /* DynamicallyFilteringOurSDQuery.swift */ = {isa = PBXFileReference; lastKnownFileType = sourcecode.swift; path = DynamicallyFilteringOurSDQuery.swift; sourceTree = "<group>"; };
		CAF7DBDD2BCB346900BCE0DF /* Info.plist */ = {isa = PBXFileReference; lastKnownFileType = text.plist; path = Info.plist; sourceTree = "<group>"; };
/* End PBXFileReference section */

/* Begin PBXFrameworksBuildPhase section */
		CA888C562BC7D48B004BC0A0 /* Frameworks */ = {
			isa = PBXFrameworksBuildPhase;
			buildActionMask = 2147483647;
			files = (
				CAF7DBDC2BCB328C00BCE0DF /* CodeScanner in Frameworks */,
				CAF7DBCE2BCB0DF500BCE0DF /* SamplePackage in Frameworks */,
			);
			runOnlyForDeploymentPostprocessing = 0;
		};
/* End PBXFrameworksBuildPhase section */

/* Begin PBXGroup section */
		CA888C502BC7D48B004BC0A0 = {
			isa = PBXGroup;
			children = (
				CA888C5B2BC7D48B004BC0A0 /* HotProspect */,
				CA888C5A2BC7D48B004BC0A0 /* Products */,
			);
			sourceTree = "<group>";
		};
		CA888C5A2BC7D48B004BC0A0 /* Products */ = {
			isa = PBXGroup;
			children = (
				CA888C592BC7D48B004BC0A0 /* HotProspect.app */,
			);
			name = Products;
			sourceTree = "<group>";
		};
		CA888C5B2BC7D48B004BC0A0 /* HotProspect */ = {
			isa = PBXGroup;
			children = (
				CAF7DBDD2BCB346900BCE0DF /* Info.plist */,
				CA888C5C2BC7D48B004BC0A0 /* HotProspectApp.swift */,
				CA888C5E2BC7D48B004BC0A0 /* ContentView.swift */,
				CA888C6C2BC7D90D004BC0A0 /* HomeWork */,
				CA888C602BC7D48D004BC0A0 /* Assets.xcassets */,
				CA888C622BC7D48D004BC0A0 /* Preview Content */,
			);
			path = HotProspect;
			sourceTree = "<group>";
		};
		CA888C622BC7D48D004BC0A0 /* Preview Content */ = {
			isa = PBXGroup;
			children = (
				CA888C632BC7D48D004BC0A0 /* Preview Assets.xcassets */,
			);
			path = "Preview Content";
			sourceTree = "<group>";
		};
		CA888C6C2BC7D90D004BC0A0 /* HomeWork */ = {
			isa = PBXGroup;
			children = (
				CA888C6A2BC7D903004BC0A0 /* CreatingTabsWIthTabViewAndTabItem.swift */,
				CA888C6D2BC7DF66004BC0A0 /* UnderstandingSwiftResultType.swift */,
				CA888C6F2BC7E4FB004BC0A0 /* ControllingImageInterpolationInSwiftUI.swift */,
				CA888C712BC7E68C004BC0A0 /* CreatingContextMenus.swift */,
				CA888C732BC869D0004BC0A0 /* AddingCustomRowSwipeActionsList.swift */,
				CA888C752BC86B6E004BC0A0 /* SchedulingLocalNotifications.swift */,
				CA888C772BC87034004BC0A0 /* AddingSwiftPackageDependenciesXcode.swift */,
				CAF7DBD12BCB110100BCE0DF /* HomeWork82Day */,
			);
			path = HomeWork;
			sourceTree = "<group>";
		};
		CAF7DBD12BCB110100BCE0DF /* HomeWork82Day */ = {
			isa = PBXGroup;
			children = (
				CAF7DBCF2BCB108000BCE0DF /* BuildingOurTabBar.swift */,
				CAF7DBD82BCB2A6F00BCE0DF /* DynamicallyFilteringOurSDQuery.swift */,
				CAF7DBD22BCB112F00BCE0DF /* ProspectsView.swift */,
				CAF7DBD42BCB114000BCE0DF /* MeVie.swift */,
				CAF7DBD62BCB26ED00BCE0DF /* Prospect.swift */,
			);
			path = HomeWork82Day;
			sourceTree = "<group>";
		};
/* End PBXGroup section */

/* Begin PBXNativeTarget section */
		CA888C582BC7D48B004BC0A0 /* HotProspect */ = {
			isa = PBXNativeTarget;
			buildConfigurationList = CA888C672BC7D48D004BC0A0 /* Build configuration list for PBXNativeTarget "HotProspect" */;
			buildPhases = (
				CA888C552BC7D48B004BC0A0 /* Sources */,
				CA888C562BC7D48B004BC0A0 /* Frameworks */,
				CA888C572BC7D48B004BC0A0 /* Resources */,
			);
			buildRules = (
			);
			dependencies = (
			);
			name = HotProspect;
			packageProductDependencies = (
				CAF7DBCD2BCB0DF500BCE0DF /* SamplePackage */,
				CAF7DBDB2BCB328C00BCE0DF /* CodeScanner */,
			);
			productName = HotProspect;
			productReference = CA888C592BC7D48B004BC0A0 /* HotProspect.app */;
			productType = "com.apple.product-type.application";
		};
/* End PBXNativeTarget section */

/* Begin PBXProject section */
		CA888C512BC7D48B004BC0A0 /* Project object */ = {
			isa = PBXProject;
			attributes = {
				BuildIndependentTargetsInParallel = 1;
				LastSwiftUpdateCheck = 1530;
				LastUpgradeCheck = 1530;
				TargetAttributes = {
					CA888C582BC7D48B004BC0A0 = {
						CreatedOnToolsVersion = 15.3;
					};
				};
			};
			buildConfigurationList = CA888C542BC7D48B004BC0A0 /* Build configuration list for PBXProject "HotProspect" */;
			compatibilityVersion = "Xcode 14.0";
			developmentRegion = en;
			hasScannedForEncodings = 0;
			knownRegions = (
				en,
				Base,
			);
			mainGroup = CA888C502BC7D48B004BC0A0;
			packageReferences = (
				CAF7DBCC2BCB0DF500BCE0DF /* XCRemoteSwiftPackageReference "SamplePackage" */,
				CAF7DBDA2BCB328C00BCE0DF /* XCRemoteSwiftPackageReference "CodeScanner" */,
			);
			productRefGroup = CA888C5A2BC7D48B004BC0A0 /* Products */;
			projectDirPath = "";
			projectRoot = "";
			targets = (
				CA888C582BC7D48B004BC0A0 /* HotProspect */,
			);
		};
/* End PBXProject section */

/* Begin PBXResourcesBuildPhase section */
		CA888C572BC7D48B004BC0A0 /* Resources */ = {
			isa = PBXResourcesBuildPhase;
			buildActionMask = 2147483647;
			files = (
				CA888C642BC7D48D004BC0A0 /* Preview Assets.xcassets in Resources */,
				CA888C612BC7D48D004BC0A0 /* Assets.xcassets in Resources */,
			);
			runOnlyForDeploymentPostprocessing = 0;
		};
/* End PBXResourcesBuildPhase section */

/* Begin PBXSourcesBuildPhase section */
		CA888C552BC7D48B004BC0A0 /* Sources */ = {
			isa = PBXSourcesBuildPhase;
			buildActionMask = 2147483647;
			files = (
				CAF7DBD52BCB114000BCE0DF /* MeVie.swift in Sources */,
				CAF7DBD92BCB2A6F00BCE0DF /* DynamicallyFilteringOurSDQuery.swift in Sources */,
				CA888C762BC86B6E004BC0A0 /* SchedulingLocalNotifications.swift in Sources */,
				CA888C702BC7E4FB004BC0A0 /* ControllingImageInterpolationInSwiftUI.swift in Sources */,
				CAF7DBD72BCB26ED00BCE0DF /* Prospect.swift in Sources */,
				CA888C742BC869D0004BC0A0 /* AddingCustomRowSwipeActionsList.swift in Sources */,
				CA888C722BC7E68C004BC0A0 /* CreatingContextMenus.swift in Sources */,
				CA888C5F2BC7D48B004BC0A0 /* ContentView.swift in Sources */,
				CA888C782BC87034004BC0A0 /* AddingSwiftPackageDependenciesXcode.swift in Sources */,
				CAF7DBD02BCB108000BCE0DF /* BuildingOurTabBar.swift in Sources */,
				CA888C6E2BC7DF66004BC0A0 /* UnderstandingSwiftResultType.swift in Sources */,
				CA888C6B2BC7D903004BC0A0 /* CreatingTabsWIthTabViewAndTabItem.swift in Sources */,
				CAF7DBD32BCB112F00BCE0DF /* ProspectsView.swift in Sources */,
				CA888C5D2BC7D48B004BC0A0 /* HotProspectApp.swift in Sources */,
			);
			runOnlyForDeploymentPostprocessing = 0;
		};
/* End PBXSourcesBuildPhase section */

/* Begin XCBuildConfiguration section */
		CA888C652BC7D48D004BC0A0 /* Debug */ = {
			isa = XCBuildConfiguration;
			buildSettings = {
				ALWAYS_SEARCH_USER_PATHS = NO;
				ASSETCATALOG_COMPILER_GENERATE_SWIFT_ASSET_SYMBOL_EXTENSIONS = YES;
				CLANG_ANALYZER_NONNULL = YES;
				CLANG_ANALYZER_NUMBER_OBJECT_CONVERSION = YES_AGGRESSIVE;
				CLANG_CXX_LANGUAGE_STANDARD = "gnu++20";
				CLANG_ENABLE_MODULES = YES;
				CLANG_ENABLE_OBJC_ARC = YES;
				CLANG_ENABLE_OBJC_WEAK = YES;
				CLANG_WARN_BLOCK_CAPTURE_AUTORELEASING = YES;
				CLANG_WARN_BOOL_CONVERSION = YES;
				CLANG_WARN_COMMA = YES;
				CLANG_WARN_CONSTANT_CONVERSION = YES;
				CLANG_WARN_DEPRECATED_OBJC_IMPLEMENTATIONS = YES;
				CLANG_WARN_DIRECT_OBJC_ISA_USAGE = YES_ERROR;
				CLANG_WARN_DOCUMENTATION_COMMENTS = YES;
				CLANG_WARN_EMPTY_BODY = YES;
				CLANG_WARN_ENUM_CONVERSION = YES;
				CLANG_WARN_INFINITE_RECURSION = YES;
				CLANG_WARN_INT_CONVERSION = YES;
				CLANG_WARN_NON_LITERAL_NULL_CONVERSION = YES;
				CLANG_WARN_OBJC_IMPLICIT_RETAIN_SELF = YES;
				CLANG_WARN_OBJC_LITERAL_CONVERSION = YES;
				CLANG_WARN_OBJC_ROOT_CLASS = YES_ERROR;
				CLANG_WARN_QUOTED_INCLUDE_IN_FRAMEWORK_HEADER = YES;
				CLANG_WARN_RANGE_LOOP_ANALYSIS = YES;
				CLANG_WARN_STRICT_PROTOTYPES = YES;
				CLANG_WARN_SUSPICIOUS_MOVE = YES;
				CLANG_WARN_UNGUARDED_AVAILABILITY = YES_AGGRESSIVE;
				CLANG_WARN_UNREACHABLE_CODE = YES;
				CLANG_WARN__DUPLICATE_METHOD_MATCH = YES;
				COPY_PHASE_STRIP = NO;
				DEBUG_INFORMATION_FORMAT = dwarf;
				ENABLE_STRICT_OBJC_MSGSEND = YES;
				ENABLE_TESTABILITY = YES;
				ENABLE_USER_SCRIPT_SANDBOXING = YES;
				GCC_C_LANGUAGE_STANDARD = gnu17;
				GCC_DYNAMIC_NO_PIC = NO;
				GCC_NO_COMMON_BLOCKS = YES;
				GCC_OPTIMIZATION_LEVEL = 0;
				GCC_PREPROCESSOR_DEFINITIONS = (
					"DEBUG=1",
					"$(inherited)",
				);
				GCC_WARN_64_TO_32_BIT_CONVERSION = YES;
				GCC_WARN_ABOUT_RETURN_TYPE = YES_ERROR;
				GCC_WARN_UNDECLARED_SELECTOR = YES;
				GCC_WARN_UNINITIALIZED_AUTOS = YES_AGGRESSIVE;
				GCC_WARN_UNUSED_FUNCTION = YES;
				GCC_WARN_UNUSED_VARIABLE = YES;
				IPHONEOS_DEPLOYMENT_TARGET = 17.4;
				LOCALIZATION_PREFERS_STRING_CATALOGS = YES;
				MTL_ENABLE_DEBUG_INFO = INCLUDE_SOURCE;
				MTL_FAST_MATH = YES;
				ONLY_ACTIVE_ARCH = YES;
				SDKROOT = iphoneos;
				SWIFT_ACTIVE_COMPILATION_CONDITIONS = "DEBUG $(inherited)";
				SWIFT_OPTIMIZATION_LEVEL = "-Onone";
			};
			name = Debug;
		};
		CA888C662BC7D48D004BC0A0 /* Release */ = {
			isa = XCBuildConfiguration;
			buildSettings = {
				ALWAYS_SEARCH_USER_PATHS = NO;
				ASSETCATALOG_COMPILER_GENERATE_SWIFT_ASSET_SYMBOL_EXTENSIONS = YES;
				CLANG_ANALYZER_NONNULL = YES;
				CLANG_ANALYZER_NUMBER_OBJECT_CONVERSION = YES_AGGRESSIVE;
				CLANG_CXX_LANGUAGE_STANDARD = "gnu++20";
				CLANG_ENABLE_MODULES = YES;
				CLANG_ENABLE_OBJC_ARC = YES;
				CLANG_ENABLE_OBJC_WEAK = YES;
				CLANG_WARN_BLOCK_CAPTURE_AUTORELEASING = YES;
				CLANG_WARN_BOOL_CONVERSION = YES;
				CLANG_WARN_COMMA = YES;
				CLANG_WARN_CONSTANT_CONVERSION = YES;
				CLANG_WARN_DEPRECATED_OBJC_IMPLEMENTATIONS = YES;
				CLANG_WARN_DIRECT_OBJC_ISA_USAGE = YES_ERROR;
				CLANG_WARN_DOCUMENTATION_COMMENTS = YES;
				CLANG_WARN_EMPTY_BODY = YES;
				CLANG_WARN_ENUM_CONVERSION = YES;
				CLANG_WARN_INFINITE_RECURSION = YES;
				CLANG_WARN_INT_CONVERSION = YES;
				CLANG_WARN_NON_LITERAL_NULL_CONVERSION = YES;
				CLANG_WARN_OBJC_IMPLICIT_RETAIN_SELF = YES;
				CLANG_WARN_OBJC_LITERAL_CONVERSION = YES;
				CLANG_WARN_OBJC_ROOT_CLASS = YES_ERROR;
				CLANG_WARN_QUOTED_INCLUDE_IN_FRAMEWORK_HEADER = YES;
				CLANG_WARN_RANGE_LOOP_ANALYSIS = YES;
				CLANG_WARN_STRICT_PROTOTYPES = YES;
				CLANG_WARN_SUSPICIOUS_MOVE = YES;
				CLANG_WARN_UNGUARDED_AVAILABILITY = YES_AGGRESSIVE;
				CLANG_WARN_UNREACHABLE_CODE = YES;
				CLANG_WARN__DUPLICATE_METHOD_MATCH = YES;
				COPY_PHASE_STRIP = NO;
				DEBUG_INFORMATION_FORMAT = "dwarf-with-dsym";
				ENABLE_NS_ASSERTIONS = NO;
				ENABLE_STRICT_OBJC_MSGSEND = YES;
				ENABLE_USER_SCRIPT_SANDBOXING = YES;
				GCC_C_LANGUAGE_STANDARD = gnu17;
				GCC_NO_COMMON_BLOCKS = YES;
				GCC_WARN_64_TO_32_BIT_CONVERSION = YES;
				GCC_WARN_ABOUT_RETURN_TYPE = YES_ERROR;
				GCC_WARN_UNDECLARED_SELECTOR = YES;
				GCC_WARN_UNINITIALIZED_AUTOS = YES_AGGRESSIVE;
				GCC_WARN_UNUSED_FUNCTION = YES;
				GCC_WARN_UNUSED_VARIABLE = YES;
				IPHONEOS_DEPLOYMENT_TARGET = 17.4;
				LOCALIZATION_PREFERS_STRING_CATALOGS = YES;
				MTL_ENABLE_DEBUG_INFO = NO;
				MTL_FAST_MATH = YES;
				SDKROOT = iphoneos;
				SWIFT_COMPILATION_MODE = wholemodule;
				VALIDATE_PRODUCT = YES;
			};
			name = Release;
		};
		CA888C682BC7D48D004BC0A0 /* Debug */ = {
			isa = XCBuildConfiguration;
			buildSettings = {
				ASSETCATALOG_COMPILER_APPICON_NAME = AppIcon;
				ASSETCATALOG_COMPILER_GLOBAL_ACCENT_COLOR_NAME = AccentColor;
				CODE_SIGN_STYLE = Automatic;
				CURRENT_PROJECT_VERSION = 1;
				DEVELOPMENT_ASSET_PATHS = "\"HotProspect/Preview Content\"";
				DEVELOPMENT_TEAM = VY6BU9F56X;
				ENABLE_PREVIEWS = YES;
				GENERATE_INFOPLIST_FILE = YES;
				INFOPLIST_FILE = HotProspect/Info.plist;
				INFOPLIST_KEY_NSCameraUsageDescription = "We need to scan QR codes";
				INFOPLIST_KEY_UIApplicationSceneManifest_Generation = YES;
				INFOPLIST_KEY_UIApplicationSupportsIndirectInputEvents = YES;
				INFOPLIST_KEY_UILaunchScreen_Generation = YES;
				INFOPLIST_KEY_UISupportedInterfaceOrientations_iPad = "UIInterfaceOrientationPortrait UIInterfaceOrientationPortraitUpsideDown UIInterfaceOrientationLandscapeLeft UIInterfaceOrientationLandscapeRight";
				INFOPLIST_KEY_UISupportedInterfaceOrientations_iPhone = "UIInterfaceOrientationPortrait UIInterfaceOrientationLandscapeLeft UIInterfaceOrientationLandscapeRight";
				LD_RUNPATH_SEARCH_PATHS = (
					"$(inherited)",
					"@executable_path/Frameworks",
				);
				MARKETING_VERSION = 1.0;
				PRODUCT_BUNDLE_IDENTIFIER = "white-wolf.HotProspect";
				PRODUCT_NAME = "$(TARGET_NAME)";
				SWIFT_EMIT_LOC_STRINGS = YES;
				SWIFT_VERSION = 5.0;
				TARGETED_DEVICE_FAMILY = "1,2";
			};
			name = Debug;
		};
		CA888C692BC7D48D004BC0A0 /* Release */ = {
			isa = XCBuildConfiguration;
			buildSettings = {
				ASSETCATALOG_COMPILER_APPICON_NAME = AppIcon;
				ASSETCATALOG_COMPILER_GLOBAL_ACCENT_COLOR_NAME = AccentColor;
				CODE_SIGN_STYLE = Automatic;
				CURRENT_PROJECT_VERSION = 1;
				DEVELOPMENT_ASSET_PATHS = "\"HotProspect/Preview Content\"";
				DEVELOPMENT_TEAM = VY6BU9F56X;
				ENABLE_PREVIEWS = YES;
				GENERATE_INFOPLIST_FILE = YES;
				INFOPLIST_FILE = HotProspect/Info.plist;
				INFOPLIST_KEY_NSCameraUsageDescription = "We need to scan QR codes";
				INFOPLIST_KEY_UIApplicationSceneManifest_Generation = YES;
				INFOPLIST_KEY_UIApplicationSupportsIndirectInputEvents = YES;
				INFOPLIST_KEY_UILaunchScreen_Generation = YES;
				INFOPLIST_KEY_UISupportedInterfaceOrientations_iPad = "UIInterfaceOrientationPortrait UIInterfaceOrientationPortraitUpsideDown UIInterfaceOrientationLandscapeLeft UIInterfaceOrientationLandscapeRight";
				INFOPLIST_KEY_UISupportedInterfaceOrientations_iPhone = "UIInterfaceOrientationPortrait UIInterfaceOrientationLandscapeLeft UIInterfaceOrientationLandscapeRight";
				LD_RUNPATH_SEARCH_PATHS = (
					"$(inherited)",
					"@executable_path/Frameworks",
				);
				MARKETING_VERSION = 1.0;
				PRODUCT_BUNDLE_IDENTIFIER = "white-wolf.HotProspect";
				PRODUCT_NAME = "$(TARGET_NAME)";
				SWIFT_EMIT_LOC_STRINGS = YES;
				SWIFT_VERSION = 5.0;
				TARGETED_DEVICE_FAMILY = "1,2";
			};
			name = Release;
		};
/* End XCBuildConfiguration section */

/* Begin XCConfigurationList section */
		CA888C542BC7D48B004BC0A0 /* Build configuration list for PBXProject "HotProspect" */ = {
			isa = XCConfigurationList;
			buildConfigurations = (
				CA888C652BC7D48D004BC0A0 /* Debug */,
				CA888C662BC7D48D004BC0A0 /* Release */,
			);
			defaultConfigurationIsVisible = 0;
			defaultConfigurationName = Release;
		};
		CA888C672BC7D48D004BC0A0 /* Build configuration list for PBXNativeTarget "HotProspect" */ = {
			isa = XCConfigurationList;
			buildConfigurations = (
				CA888C682BC7D48D004BC0A0 /* Debug */,
				CA888C692BC7D48D004BC0A0 /* Release */,
			);
			defaultConfigurationIsVisible = 0;
			defaultConfigurationName = Release;
		};
/* End XCConfigurationList section */

/* Begin XCRemoteSwiftPackageReference section */
		CAF7DBCC2BCB0DF500BCE0DF /* XCRemoteSwiftPackageReference "SamplePackage" */ = {
			isa = XCRemoteSwiftPackageReference;
			repositoryURL = "https://github.com/twostraws/SamplePackage";
			requirement = {
				kind = upToNextMajorVersion;
				minimumVersion = 1.0.0;
			};
		};
		CAF7DBDA2BCB328C00BCE0DF /* XCRemoteSwiftPackageReference "CodeScanner" */ = {
			isa = XCRemoteSwiftPackageReference;
			repositoryURL = "https://github.com/twostraws/CodeScanner";
			requirement = {
				kind = upToNextMajorVersion;
				minimumVersion = 2.4.1;
			};
		};
/* End XCRemoteSwiftPackageReference section */

/* Begin XCSwiftPackageProductDependency section */
		CAF7DBCD2BCB0DF500BCE0DF /* SamplePackage */ = {
			isa = XCSwiftPackageProductDependency;
			package = CAF7DBCC2BCB0DF500BCE0DF /* XCRemoteSwiftPackageReference "SamplePackage" */;
			productName = SamplePackage;
		};
		CAF7DBDB2BCB328C00BCE0DF /* CodeScanner */ = {
			isa = XCSwiftPackageProductDependency;
			package = CAF7DBDA2BCB328C00BCE0DF /* XCRemoteSwiftPackageReference "CodeScanner" */;
			productName = CodeScanner;
		};
/* End XCSwiftPackageProductDependency section */
	};
	rootObject = CA888C512BC7D48B004BC0A0 /* Project object */;
}
